
Microsoft Visual Studio Solution File, Format Version 12.00
# Visual Studio Version 17
VisualStudioVersion = 17.14.36203.30 d17.14
MinimumVisualStudioVersion = 10.0.40219.1
Project("{FAE04EC0-301F-11D3-BF4B-00C04F79EFBC}") = "EComApp", "EComApp\EComApp.csproj", "{11F20999-7810-4E02-90FE-F82D9C73A38A}"
EndProject
Global
	GlobalSection(SolutionConfigurationPlatforms) = preSolution
		Debug|Any CPU = Debug|Any CPU
		Release|Any CPU = Release|Any CPU
	EndGlobalSection
	GlobalSection(ProjectConfigurationPlatforms) = postSolution
		{11F20999-7810-4E02-90FE-F82D9C73A38A}.Debug|Any CPU.ActiveCfg = Debug|Any CPU
		{11F20999-7810-4E02-90FE-F82D9C73A38A}.Debug|Any CPU.Build.0 = Debug|Any CPU
		{11F20999-7810-4E02-90FE-F82D9C73A38A}.Release|Any CPU.ActiveCfg = Release|Any CPU
		{11F20999-7810-4E02-90FE-F82D9C73A38A}.Release|Any CPU.Build.0 = Release|Any CPU
	EndGlobalSection
	GlobalSection(SolutionProperties) = preSolution
		HideSolutionNode = FALSE
	EndGlobalSection
	GlobalSection(ExtensibilityGlobals) = postSolution
		SolutionGuid = {BD6278CD-53F1-49AB-B846-732E6A929736}
	EndGlobalSection
EndGlobal
